
Microsoft Visual Studio Solution File, Format Version 12.00
# Visual Studio Version 17
VisualStudioVersion = 17.2.32519.379
MinimumVisualStudioVersion = 10.0.40219.1
Project("{FAE04EC0-301F-11D3-BF4B-00C04F79EFBC}") = "Assessment1Q1", "Assessment1\Assessment1Q1.csproj", "{6078A7A1-7F6B-48F4-9904-2B6F667D5929}"
EndProject
Project("{FAE04EC0-301F-11D3-BF4B-00C04F79EFBC}") = "Assessment1Q2", "Assessment1Q2\Assessment1Q2.csproj", "{10C48E39-36BF-48F2-B56E-69B6FBE903D4}"
EndProject
Project("{FAE04EC0-301F-11D3-BF4B-00C04F79EFBC}") = "Assessment1Q3", "Assessment1Q3\Assessment1Q3.csproj", "{070D6462-8C2E-40D9-A26D-05D66EBC9FBC}"
EndProject
Project("{FAE04EC0-301F-11D3-BF4B-00C04F79EFBC}") = "Assessment1Q4", "Assessment1Q4\Assessment1Q4.csproj", "{D06E30C6-BE1E-4967-9FC9-FA79ED8D2AC4}"
EndProject
Project("{FAE04EC0-301F-11D3-BF4B-00C04F79EFBC}") = "Assessment1Q5", "Assessment1Q5\Assessment1Q5.csproj", "{D3368620-27CE-4C0D-ACF4-27CB03D48F80}"
EndProject
Global
	GlobalSection(SolutionConfigurationPlatforms) = preSolution
		Debug|Any CPU = Debug|Any CPU
		Release|Any CPU = Release|Any CPU
	EndGlobalSection
	GlobalSection(ProjectConfigurationPlatforms) = postSolution
		{6078A7A1-7F6B-48F4-9904-2B6F667D5929}.Debug|Any CPU.ActiveCfg = Debug|Any CPU
		{6078A7A1-7F6B-48F4-9904-2B6F667D5929}.Debug|Any CPU.Build.0 = Debug|Any CPU
		{6078A7A1-7F6B-48F4-9904-2B6F667D5929}.Release|Any CPU.ActiveCfg = Release|Any CPU
		{6078A7A1-7F6B-48F4-9904-2B6F667D5929}.Release|Any CPU.Build.0 = Release|Any CPU
		{10C48E39-36BF-48F2-B56E-69B6FBE903D4}.Debug|Any CPU.ActiveCfg = Debug|Any CPU
		{10C48E39-36BF-48F2-B56E-69B6FBE903D4}.Debug|Any CPU.Build.0 = Debug|Any CPU
		{10C48E39-36BF-48F2-B56E-69B6FBE903D4}.Release|Any CPU.ActiveCfg = Release|Any CPU
		{10C48E39-36BF-48F2-B56E-69B6FBE903D4}.Release|Any CPU.Build.0 = Release|Any CPU
		{070D6462-8C2E-40D9-A26D-05D66EBC9FBC}.Debug|Any CPU.ActiveCfg = Debug|Any CPU
		{070D6462-8C2E-40D9-A26D-05D66EBC9FBC}.Debug|Any CPU.Build.0 = Debug|Any CPU
		{070D6462-8C2E-40D9-A26D-05D66EBC9FBC}.Release|Any CPU.ActiveCfg = Release|Any CPU
		{070D6462-8C2E-40D9-A26D-05D66EBC9FBC}.Release|Any CPU.Build.0 = Release|Any CPU
		{D06E30C6-BE1E-4967-9FC9-FA79ED8D2AC4}.Debug|Any CPU.ActiveCfg = Debug|Any CPU
		{D06E30C6-BE1E-4967-9FC9-FA79ED8D2AC4}.Debug|Any CPU.Build.0 = Debug|Any CPU
		{D06E30C6-BE1E-4967-9FC9-FA79ED8D2AC4}.Release|Any CPU.ActiveCfg = Release|Any CPU
		{D06E30C6-BE1E-4967-9FC9-FA79ED8D2AC4}.Release|Any CPU.Build.0 = Release|Any CPU
		{D3368620-27CE-4C0D-ACF4-27CB03D48F80}.Debug|Any CPU.ActiveCfg = Debug|Any CPU
		{D3368620-27CE-4C0D-ACF4-27CB03D48F80}.Debug|Any CPU.Build.0 = Debug|Any CPU
		{D3368620-27CE-4C0D-ACF4-27CB03D48F80}.Release|Any CPU.ActiveCfg = Release|Any CPU
		{D3368620-27CE-4C0D-ACF4-27CB03D48F80}.Release|Any CPU.Build.0 = Release|Any CPU
	EndGlobalSection
	GlobalSection(SolutionProperties) = preSolution
		HideSolutionNode = FALSE
	EndGlobalSection
	GlobalSection(ExtensibilityGlobals) = postSolution
		SolutionGuid = {B7740942-3ACC-4455-B791-CE93149456D9}
	EndGlobalSection
EndGlobal
